// !$*UTF8*$!
{
	archiveVersion = 1;
	classes = {
	};
	objectVersion = 46;
	objects = {

/* Begin PBXBuildFile section */
		332E49D91D45F91E0000ADE5 /* AViewController.m in Sources */ = {isa = PBXBuildFile; fileRef = 332E49D71D45F91E0000ADE5 /* AViewController.m */; };
		332E49DA1D45F91E0000ADE5 /* AViewController.xib in Resources */ = {isa = PBXBuildFile; fileRef = 332E49D81D45F91E0000ADE5 /* AViewController.xib */; };
		332E49E01D4602220000ADE5 /* ViewController.xib in Resources */ = {isa = PBXBuildFile; fileRef = 332E49DF1D4602220000ADE5 /* ViewController.xib */; };
		336E529F1D3393D800BB1E76 /* main.m in Sources */ = {isa = PBXBuildFile; fileRef = 336E529E1D3393D800BB1E76 /* main.m */; };
		336E52A21D3393D800BB1E76 /* AppDelegate.m in Sources */ = {isa = PBXBuildFile; fileRef = 336E52A11D3393D800BB1E76 /* AppDelegate.m */; };
		336E52A51D3393D800BB1E76 /* ViewController.m in Sources */ = {isa = PBXBuildFile; fileRef = 336E52A41D3393D800BB1E76 /* ViewController.m */; };
		336E52AA1D3393D800BB1E76 /* Assets.xcassets in Resources */ = {isa = PBXBuildFile; fileRef = 336E52A91D3393D800BB1E76 /* Assets.xcassets */; };
		336E52AD1D3393D800BB1E76 /* LaunchScreen.storyboard in Resources */ = {isa = PBXBuildFile; fileRef = 336E52AB1D3393D800BB1E76 /* LaunchScreen.storyboard */; };
		F763E6A314DDE58CC662223D /* libPods.a in Frameworks */ = {isa = PBXBuildFile; fileRef = E19E39ED8E87597D38B628C4 /* libPods.a */; };
/* End PBXBuildFile section */

/* Begin PBXFileReference section */
		332E49D61D45F91E0000ADE5 /* AViewController.h */ = {isa = PBXFileReference; fileEncoding = 4; lastKnownFileType = sourcecode.c.h; path = AViewController.h; sourceTree = "<group>"; };
		332E49D71D45F91E0000ADE5 /* AViewController.m */ = {isa = PBXFileReference; fileEncoding = 4; lastKnownFileType = sourcecode.c.objc; path = AViewController.m; sourceTree = "<group>"; };
		332E49D81D45F91E0000ADE5 /* AViewController.xib */ = {isa = PBXFileReference; fileEncoding = 4; lastKnownFileType = file.xib; path = AViewController.xib; sourceTree = "<group>"; };
		332E49DF1D4602220000ADE5 /* ViewController.xib */ = {isa = PBXFileReference; fileEncoding = 4; lastKnownFileType = file.xib; path = ViewController.xib; sourceTree = "<group>"; };
		336E529A1D3393D800BB1E76 /* 翻转效果.app */ = {isa = PBXFileReference; explicitFileType = wrapper.application; includeInIndex = 0; path = "翻转效果.app"; sourceTree = BUILT_PRODUCTS_DIR; };
		336E529E1D3393D800BB1E76 /* main.m */ = {isa = PBXFileReference; lastKnownFileType = sourcecode.c.objc; path = main.m; sourceTree = "<group>"; };
		336E52A01D3393D800BB1E76 /* AppDelegate.h */ = {isa = PBXFileReference; lastKnownFileType = sourcecode.c.h; path = AppDelegate.h; sourceTree = "<group>"; };
		336E52A11D3393D800BB1E76 /* AppDelegate.m */ = {isa = PBXFileReference; lastKnownFileType = sourcecode.c.objc; path = AppDelegate.m; sourceTree = "<group>"; };
		336E52A31D3393D800BB1E76 /* ViewController.h */ = {isa = PBXFileReference; lastKnownFileType = sourcecode.c.h; path = ViewController.h; sourceTree = "<group>"; };
		336E52A41D3393D800BB1E76 /* ViewController.m */ = {isa = PBXFileReference; lastKnownFileType = sourcecode.c.objc; path = ViewController.m; sourceTree = "<group>"; };
		336E52A91D3393D800BB1E76 /* Assets.xcassets */ = {isa = PBXFileReference; lastKnownFileType = folder.assetcatalog; path = Assets.xcassets; sourceTree = "<group>"; };
		336E52AC1D3393D800BB1E76 /* Base */ = {isa = PBXFileReference; lastKnownFileType = file.storyboard; name = Base; path = Base.lproj/LaunchScreen.storyboard; sourceTree = "<group>"; };
		336E52AE1D3393D800BB1E76 /* Info.plist */ = {isa = PBXFileReference; lastKnownFileType = text.plist.xml; path = Info.plist; sourceTree = "<group>"; };
		9D666F26A255BE390128C966 /* Pods.release.xcconfig */ = {isa = PBXFileReference; includeInIndex = 1; lastKnownFileType = text.xcconfig; name = Pods.release.xcconfig; path = "Pods/Target Support Files/Pods/Pods.release.xcconfig"; sourceTree = "<group>"; };
		BF2DB853C73C6F62028116C8 /* Pods.debug.xcconfig */ = {isa = PBXFileReference; includeInIndex = 1; lastKnownFileType = text.xcconfig; name = Pods.debug.xcconfig; path = "Pods/Target Support Files/Pods/Pods.debug.xcconfig"; sourceTree = "<group>"; };
		E19E39ED8E87597D38B628C4 /* libPods.a */ = {isa = PBXFileReference; explicitFileType = archive.ar; includeInIndex = 0; path = libPods.a; sourceTree = BUILT_PRODUCTS_DIR; };
/* End PBXFileReference section */

/* Begin PBXFrameworksBuildPhase section */
		336E52971D3393D800BB1E76 /* Frameworks */ = {
			isa = PBXFrameworksBuildPhase;
			buildActionMask = 2147483647;
			files = (
				F763E6A314DDE58CC662223D /* libPods.a in Frameworks */,
			);
			runOnlyForDeploymentPostprocessing = 0;
		};
/* End PBXFrameworksBuildPhase section */

/* Begin PBXGroup section */
		336E52911D3393D800BB1E76 = {
			isa = PBXGroup;
			children = (
				336E529C1D3393D800BB1E76 /* 翻转效果 */,
				336E529B1D3393D800BB1E76 /* Products */,
				8443BD68AE16846682D20007 /* Pods */,
				8A45B0CD2E4D1B64DB6D92CA /* Frameworks */,
			);
			sourceTree = "<group>";
		};
		336E529B1D3393D800BB1E76 /* Products */ = {
			isa = PBXGroup;
			children = (
				336E529A1D3393D800BB1E76 /* 翻转效果.app */,
			);
			name = Products;
			sourceTree = "<group>";
		};
		336E529C1D3393D800BB1E76 /* 翻转效果 */ = {
			isa = PBXGroup;
			children = (
				336E52A01D3393D800BB1E76 /* AppDelegate.h */,
				336E52A11D3393D800BB1E76 /* AppDelegate.m */,
				336E52A31D3393D800BB1E76 /* ViewController.h */,
				336E52A41D3393D800BB1E76 /* ViewController.m */,
				332E49DF1D4602220000ADE5 /* ViewController.xib */,
				332E49D61D45F91E0000ADE5 /* AViewController.h */,
				332E49D71D45F91E0000ADE5 /* AViewController.m */,
				332E49D81D45F91E0000ADE5 /* AViewController.xib */,
				336E52A91D3393D800BB1E76 /* Assets.xcassets */,
				336E52AB1D3393D800BB1E76 /* LaunchScreen.storyboard */,
				336E52AE1D3393D800BB1E76 /* Info.plist */,
				336E529D1D3393D800BB1E76 /* Supporting Files */,
			);
			path = "翻转效果";
			sourceTree = "<group>";
		};
		336E529D1D3393D800BB1E76 /* Supporting Files */ = {
			isa = PBXGroup;
			children = (
				336E529E1D3393D800BB1E76 /* main.m */,
			);
			name = "Supporting Files";
			sourceTree = "<group>";
		};
		8443BD68AE16846682D20007 /* Pods */ = {
			isa = PBXGroup;
			children = (
				BF2DB853C73C6F62028116C8 /* Pods.debug.xcconfig */,
				9D666F26A255BE390128C966 /* Pods.release.xcconfig */,
			);
			name = Pods;
			sourceTree = "<group>";
		};
		8A45B0CD2E4D1B64DB6D92CA /* Frameworks */ = {
			isa = PBXGroup;
			children = (
				E19E39ED8E87597D38B628C4 /* libPods.a */,
			);
			name = Frameworks;
			sourceTree = "<group>";
		};
/* End PBXGroup section */

/* Begin PBXNativeTarget section */
		336E52991D3393D800BB1E76 /* 翻转效果 */ = {
			isa = PBXNativeTarget;
			buildConfigurationList = 336E52B11D3393D800BB1E76 /* Build configuration list for PBXNativeTarget "翻转效果" */;
			buildPhases = (
				EDFEAD909C398CD023B027EB /* Check Pods Manifest.lock */,
				336E52961D3393D800BB1E76 /* Sources */,
				336E52971D3393D800BB1E76 /* Frameworks */,
				336E52981D3393D800BB1E76 /* Resources */,
				FFCDE42580D0EC2B98602539 /* Embed Pods Frameworks */,
				11258362AFFE4D90ED310D44 /* Copy Pods Resources */,
			);
			buildRules = (
			);
			dependencies = (
			);
			name = "翻转效果";
			productName = "翻转效果";
			productReference = 336E529A1D3393D800BB1E76 /* 翻转效果.app */;
			productType = "com.apple.product-type.application";
		};
/* End PBXNativeTarget section */

/* Begin PBXProject section */
		336E52921D3393D800BB1E76 /* Project object */ = {
			isa = PBXProject;
			attributes = {
				LastUpgradeCheck = 0720;
				ORGANIZATIONNAME = han;
				TargetAttributes = {
					336E52991D3393D800BB1E76 = {
						CreatedOnToolsVersion = 7.2;
					};
				};
			};
			buildConfigurationList = 336E52951D3393D800BB1E76 /* Build configuration list for PBXProject "翻转效果" */;
			compatibilityVersion = "Xcode 3.2";
			developmentRegion = English;
			hasScannedForEncodings = 0;
			knownRegions = (
				en,
				Base,
			);
			mainGroup = 336E52911D3393D800BB1E76;
			productRefGroup = 336E529B1D3393D800BB1E76 /* Products */;
			projectDirPath = "";
			projectRoot = "";
			targets = (
				336E52991D3393D800BB1E76 /* 翻转效果 */,
			);
		};
/* End PBXProject section */

/* Begin PBXResourcesBuildPhase section */
		336E52981D3393D800BB1E76 /* Resources */ = {
			isa = PBXResourcesBuildPhase;
			buildActionMask = 2147483647;
			files = (
				332E49DA1D45F91E0000ADE5 /* AViewController.xib in Resources */,
				336E52AD1D3393D800BB1E76 /* LaunchScreen.storyboard in Resources */,
				332E49E01D4602220000ADE5 /* ViewController.xib in Resources */,
				336E52AA1D3393D800BB1E76 /* Assets.xcassets in Resources */,
			);
			runOnlyForDeploymentPostprocessing = 0;
		};
/* End PBXResourcesBuildPhase section */

/* Begin PBXShellScriptBuildPhase section */
		11258362AFFE4D90ED310D44 /* Copy Pods Resources */ = {
			isa = PBXShellScriptBuildPhase;
			buildActionMask = 2147483647;
			files = (
			);
			inputPaths = (
			);
			name = "Copy Pods Resources";
			outputPaths = (
			);
			runOnlyForDeploymentPostprocessing = 0;
			shellPath = /bin/sh;
			shellScript = "\"${SRCROOT}/Pods/Target Support Files/Pods/Pods-resources.sh\"\n";
			showEnvVarsInLog = 0;
		};
		EDFEAD909C398CD023B027EB /* Check Pods Manifest.lock */ = {
			isa = PBXShellScriptBuildPhase;
			buildActionMask = 2147483647;
			files = (
			);
			inputPaths = (
			);
			name = "Check Pods Manifest.lock";
			outputPaths = (
			);
			runOnlyForDeploymentPostprocessing = 0;
			shellPath = /bin/sh;
			shellScript = "diff \"${PODS_ROOT}/../Podfile.lock\" \"${PODS_ROOT}/Manifest.lock\" > /dev/null\nif [[ $? != 0 ]] ; then\n    cat << EOM\nerror: The sandbox is not in sync with the Podfile.lock. Run 'pod install' or update your CocoaPods installation.\nEOM\n    exit 1\nfi\n";
			showEnvVarsInLog = 0;
		};
		FFCDE42580D0EC2B98602539 /* Embed Pods Frameworks */ = {
			isa = PBXShellScriptBuildPhase;
			buildActionMask = 2147483647;
			files = (
			);
			inputPaths = (
			);
			name = "Embed Pods Frameworks";
			outputPaths = (
			);
			runOnlyForDeploymentPostprocessing = 0;
			shellPath = /bin/sh;
			shellScript = "\"${SRCROOT}/Pods/Target Support Files/Pods/Pods-frameworks.sh\"\n";
			showEnvVarsInLog = 0;
		};
/* End PBXShellScriptBuildPhase section */

/* Begin PBXSourcesBuildPhase section */
		336E52961D3393D800BB1E76 /* Sources */ = {
			isa = PBXSourcesBuildPhase;
			buildActionMask = 2147483647;
			files = (
				332E49D91D45F91E0000ADE5 /* AViewController.m in Sources */,
				336E52A51D3393D800BB1E76 /* ViewController.m in Sources */,
				336E52A21D3393D800BB1E76 /* AppDelegate.m in Sources */,
				336E529F1D3393D800BB1E76 /* main.m in Sources */,
			);
			runOnlyForDeploymentPostprocessing = 0;
		};
/* End PBXSourcesBuildPhase section */

/* Begin PBXVariantGroup section */
		336E52AB1D3393D800BB1E76 /* LaunchScreen.storyboard */ = {
			isa = PBXVariantGroup;
			children = (
				336E52AC1D3393D800BB1E76 /* Base */,
			);
			name = LaunchScreen.storyboard;
			sourceTree = "<group>";
		};
/* End PBXVariantGroup section */

/* Begin XCBuildConfiguration section */
		336E52AF1D3393D800BB1E76 /* Debug */ = {
			isa = XCBuildConfiguration;
			buildSettings = {
				ALWAYS_SEARCH_USER_PATHS = NO;
				CLANG_CXX_LANGUAGE_STANDARD = "gnu++0x";
				CLANG_CXX_LIBRARY = "libc++";
				CLANG_ENABLE_MODULES = YES;
				CLANG_ENABLE_OBJC_ARC = YES;
				CLANG_WARN_BOOL_CONVERSION = YES;
				CLANG_WARN_CONSTANT_CONVERSION = YES;
				CLANG_WARN_DIRECT_OBJC_ISA_USAGE = YES_ERROR;
				CLANG_WARN_EMPTY_BODY = YES;
				CLANG_WARN_ENUM_CONVERSION = YES;
				CLANG_WARN_INT_CONVERSION = YES;
				CLANG_WARN_OBJC_ROOT_CLASS = YES_ERROR;
				CLANG_WARN_UNREACHABLE_CODE = YES;
				CLANG_WARN__DUPLICATE_METHOD_MATCH = YES;
				"CODE_SIGN_IDENTITY[sdk=iphoneos*]" = "iPhone Developer";
				COPY_PHASE_STRIP = NO;
				DEBUG_INFORMATION_FORMAT = dwarf;
				ENABLE_STRICT_OBJC_MSGSEND = YES;
				ENABLE_TESTABILITY = YES;
				GCC_C_LANGUAGE_STANDARD = gnu99;
				GCC_DYNAMIC_NO_PIC = NO;
				GCC_NO_COMMON_BLOCKS = YES;
				GCC_OPTIMIZATION_LEVEL = 0;
				GCC_PREPROCESSOR_DEFINITIONS = (
					"DEBUG=1",
					"$(inherited)",
				);
				GCC_WARN_64_TO_32_BIT_CONVERSION = YES;
				GCC_WARN_ABOUT_RETURN_TYPE = YES_ERROR;
				GCC_WARN_UNDECLARED_SELECTOR = YES;
				GCC_WARN_UNINITIALIZED_AUTOS = YES_AGGRESSIVE;
				GCC_WARN_UNUSED_FUNCTION = YES;
				GCC_WARN_UNUSED_VARIABLE = YES;
				IPHONEOS_DEPLOYMENT_TARGET = 9.2;
				MTL_ENABLE_DEBUG_INFO = YES;
				ONLY_ACTIVE_ARCH = YES;
				SDKROOT = iphoneos;
				TARGETED_DEVICE_FAMILY = "1,2";
			};
			name = Debug;
		};
		336E52B01D3393D800BB1E76 /* Release */ = {
			isa = XCBuildConfiguration;
			buildSettings = {
				ALWAYS_SEARCH_USER_PATHS = NO;
				CLANG_CXX_LANGUAGE_STANDARD = "gnu++0x";
				CLANG_CXX_LIBRARY = "libc++";
				CLANG_ENABLE_MODULES = YES;
				CLANG_ENABLE_OBJC_ARC = YES;
				CLANG_WARN_BOOL_CONVERSION = YES;
				CLANG_WARN_CONSTANT_CONVERSION = YES;
				CLANG_WARN_DIRECT_OBJC_ISA_USAGE = YES_ERROR;
				CLANG_WARN_EMPTY_BODY = YES;
				CLANG_WARN_ENUM_CONVERSION = YES;
				CLANG_WARN_INT_CONVERSION = YES;
				CLANG_WARN_OBJC_ROOT_CLASS = YES_ERROR;
				CLANG_WARN_UNREACHABLE_CODE = YES;
				CLANG_WARN__DUPLICATE_METHOD_MATCH = YES;
				"CODE_SIGN_IDENTITY[sdk=iphoneos*]" = "iPhone Developer";
				COPY_PHASE_STRIP = NO;
				DEBUG_INFORMATION_FORMAT = "dwarf-with-dsym";
				ENABLE_NS_ASSERTIONS = NO;
				ENABLE_STRICT_OBJC_MSGSEND = YES;
				GCC_C_LANGUAGE_STANDARD = gnu99;
				GCC_NO_COMMON_BLOCKS = YES;
				GCC_WARN_64_TO_32_BIT_CONVERSION = YES;
				GCC_WARN_ABOUT_RETURN_TYPE = YES_ERROR;
				GCC_WARN_UNDECLARED_SELECTOR = YES;
				GCC_WARN_UNINITIALIZED_AUTOS = YES_AGGRESSIVE;
				GCC_WARN_UNUSED_FUNCTION = YES;
				GCC_WARN_UNUSED_VARIABLE = YES;
				IPHONEOS_DEPLOYMENT_TARGET = 9.2;
				MTL_ENABLE_DEBUG_INFO = NO;
				SDKROOT = iphoneos;
				TARGETED_DEVICE_FAMILY = "1,2";
				VALIDATE_PRODUCT = YES;
			};
			name = Release;
		};
		336E52B21D3393D800BB1E76 /* Debug */ = {
			isa = XCBuildConfiguration;
			baseConfigurationReference = BF2DB853C73C6F62028116C8 /* Pods.debug.xcconfig */;
			buildSettings = {
				ASSETCATALOG_COMPILER_APPICON_NAME = AppIcon;
				INFOPLIST_FILE = "翻转效果/Info.plist";
				LD_RUNPATH_SEARCH_PATHS = "$(inherited) @executable_path/Frameworks";
				PRODUCT_BUNDLE_IDENTIFIER = "com.bjwu.----";
				PRODUCT_NAME = "$(TARGET_NAME)";
			};
			name = Debug;
		};
		336E52B31D3393D800BB1E76 /* Release */ = {
			isa = XCBuildConfiguration;
			baseConfigurationReference = 9D666F26A255BE390128C966 /* Pods.release.xcconfig */;
			buildSettings = {
				ASSETCATALOG_COMPILER_APPICON_NAME = AppIcon;
				INFOPLIST_FILE = "翻转效果/Info.plist";
				LD_RUNPATH_SEARCH_PATHS = "$(inherited) @executable_path/Frameworks";
				PRODUCT_BUNDLE_IDENTIFIER = "com.bjwu.----";
				PRODUCT_NAME = "$(TARGET_NAME)";
			};
			name = Release;
		};
/* End XCBuildConfiguration section */

/* Begin XCConfigurationList section */
		336E52951D3393D800BB1E76 /* Build configuration list for PBXProject "翻转效果" */ = {
			isa = XCConfigurationList;
			buildConfigurations = (
				336E52AF1D3393D800BB1E76 /* Debug */,
				336E52B01D3393D800BB1E76 /* Release */,
			);
			defaultConfigurationIsVisible = 0;
			defaultConfigurationName = Release;
		};
		336E52B11D3393D800BB1E76 /* Build configuration list for PBXNativeTarget "翻转效果" */ = {
			isa = XCConfigurationList;
			buildConfigurations = (
				336E52B21D3393D800BB1E76 /* Debug */,
				336E52B31D3393D800BB1E76 /* Release */,
			);
			defaultConfigurationIsVisible = 0;
			defaultConfigurationName = Release;
		};
/* End XCConfigurationList section */
	};
	rootObject = 336E52921D3393D800BB1E76 /* Project object */;
}
